
Microsoft Visual Studio Solution File, Format Version 12.00
# Visual Studio 15
VisualStudioVersion = 15.0.28307.1169
MinimumVisualStudioVersion = 10.0.40219.1
Project("{FAE04EC0-301F-11D3-BF4B-00C04F79EFBC}") = "IntegrationApp", "IntegrationApp\IntegrationApp.csproj", "{39BCEA99-1F6F-413C-95C0-C6589AC085A3}"
EndProject
Global
	GlobalSection(SolutionConfigurationPlatforms) = preSolution
		Debug|Any CPU = Debug|Any CPU
		Release|Any CPU = Release|Any CPU
	EndGlobalSection
	GlobalSection(ProjectConfigurationPlatforms) = postSolution
		{39BCEA99-1F6F-413C-95C0-C6589AC085A3}.Debug|Any CPU.ActiveCfg = Debug|Any CPU
		{39BCEA99-1F6F-413C-95C0-C6589AC085A3}.Debug|Any CPU.Build.0 = Debug|Any CPU
		{39BCEA99-1F6F-413C-95C0-C6589AC085A3}.Release|Any CPU.ActiveCfg = Release|Any CPU
		{39BCEA99-1F6F-413C-95C0-C6589AC085A3}.Release|Any CPU.Build.0 = Release|Any CPU
	EndGlobalSection
	GlobalSection(SolutionProperties) = preSolution
		HideSolutionNode = FALSE
	EndGlobalSection
	GlobalSection(ExtensibilityGlobals) = postSolution
		SolutionGuid = {D527CE0B-F182-42C3-B872-01847B1F5D1A}
	EndGlobalSection
EndGlobal
